{"1.2.0",
[{<<"bstr">>,
  {git,"https://github.com/jcomellas/bstr.git",
       {ref,"29e06372940a71c368ff6fb6298546147699d40e"}},
  1},
 {<<"certifi">>,{pkg,<<"certifi">>,<<"2.5.1">>},2},
 {<<"cqerl">>,
  {git,"https://github.com/kyle-neal/cqerl.git",
       {ref,"1a7f6d4bc4a0aea4fccf917f3dcd5dafd326b81b"}},
  0},
 {<<"epgsql">>,
  {git,"https://github.com/epgsql/epgsql.git",
       {ref,"28e9f84c95065a51e92baeb37d2cf1687fc4b9ce"}},
  0},
 {<<"erlastic_search">>,
  {git,"https://github.com/kyle-neal/erlastic_search.git",
       {ref,"2c76e6956be8acd96b7688c1e1045f20ab73b26e"}},
  0},
 {<<"hackney">>,{pkg,<<"hackney">>,<<"1.15.2">>},1},
 {<<"idna">>,{pkg,<<"idna">>,<<"6.0.0">>},2},
 {<<"jsx">>,{pkg,<<"jsx">>,<<"2.10.0">>},1},
 {<<"lz4">>,{pkg,<<"lz4_erl">>,<<"0.2.4">>},1},
 {<<"metrics">>,{pkg,<<"metrics">>,<<"1.0.1">>},2},
 {<<"mimerl">>,{pkg,<<"mimerl">>,<<"1.3.0">>},2},
 {<<"parse_trans">>,{pkg,<<"parse_trans">>,<<"3.4.2">>},3},
 {<<"quickrand">>,{pkg,<<"quickrand">>,<<"2.0.7">>},2},
 {<<"re2">>,{pkg,<<"re2">>,<<"1.9.8">>},1},
 {<<"recon">>,
  {git,"https://github.com/ferd/recon.git",
       {ref,"3578fa86ad408d98e0512ded0b2f2c5b834a84ad"}},
  0},
 {<<"reltool_util">>,
  {git,"https://github.com/okeuday/reltool_util.git",
       {ref,"ce39e4ce888fead7714cf87b1a1bba8789f871a2"}},
  0},
 {<<"semver">>,{pkg,<<"semver_erl">>,<<"0.0.1">>},1},
 {<<"snappyer">>,{pkg,<<"snappyer">>,<<"1.2.10">>},1},
 {<<"ssl_verify_fun">>,{pkg,<<"ssl_verify_fun">>,<<"1.1.5">>},2},
 {<<"tic">>,
  {git,"https://github.com/kyle-neal/tic.git",
       {ref,"ee166e13f4419ad5a8706353731a6fa88265f2ae"}},
  0},
 {<<"unicode_util_compat">>,{pkg,<<"unicode_util_compat">>,<<"0.4.1">>},3},
 {<<"uuid">>,{pkg,<<"uuid_erl">>,<<"2.0.0">>},1}]}.
[
{pkg_hash,[
 {<<"certifi">>, <<"867CE347F7C7D78563450A18A6A28A8090331E77FA02380B4A21962A65D36EE5">>},
 {<<"hackney">>, <<"07E33C794F8F8964EE86CEBEC1A8ED88DB5070E52E904B8F12209773C1036085">>},
 {<<"idna">>, <<"689C46CBCDF3524C44D5F3DDE8001F364CD7608A99556D8FBD8239A5798D4C10">>},
 {<<"jsx">>, <<"77760560D6AC2B8C51FD4C980E9E19B784016AA70BE354CE746472C33BEB0B1C">>},
 {<<"lz4">>, <<"FAFC1FA39ED1D034893316852DAEBEDD82F37DF478446224AC096490BE3B4A4D">>},
 {<<"metrics">>, <<"25F094DEA2CDA98213CECC3AEFF09E940299D950904393B2A29D191C346A8486">>},
 {<<"mimerl">>, <<"D0CD9FC04B9061F82490F6581E0128379830E78535E017F7780F37FEA7545726">>},
 {<<"parse_trans">>, <<"C352DDC1A0D5E54F9B1654D45F9C432EEF76F9CEA371C55DDFF769EF688FDB74">>},
 {<<"quickrand">>, <<"D2BD76676A446E6A058D678444B7FDA1387B813710D1AF6D6E29BB92186C8820">>},
 {<<"re2">>, <<"D125D43B1D695D35F3625F11D984E4417192240A8D0BEC89B1D6872B8F861D7B">>},
 {<<"semver">>, <<"E1DC99FB20FF071B240A0280611FABA93EEB9C2ADFB02A15E20A06A9F13DFFF4">>},
 {<<"snappyer">>, <<"023E9AE00E969B0997208B5DE7D3B12BB46EC6BC5411E8DC53E7B3F435B8F0FD">>},
 {<<"ssl_verify_fun">>, <<"6EAF7AD16CB568BB01753DBBD7A95FF8B91C7979482B95F38443FE2C8852A79B">>},
 {<<"unicode_util_compat">>, <<"D869E4C68901DD9531385BB0C8C40444EBF624E60B6962D95952775CAC5E90CD">>},
 {<<"uuid">>, <<"02C713FAC0E73E5F366CBA541216F1E956E2F00C91C7530D4B21DEC7D3ADA164">>}]},
{pkg_hash_ext,[
 {<<"certifi">>, <<"805ABD97539CAF89EC6D4732C91E62BA9DA0CDA51AC462380BBD28EE697A8C42">>},
 {<<"hackney">>, <<"E0100F8EF7D1124222C11AD362C857D3DF7CB5F4204054F9F0F4A728666591FC">>},
 {<<"idna">>, <<"4BDD305EB64E18B0273864920695CB18D7A2021F31A11B9C5FBCD9A253F936E2">>},
 {<<"jsx">>, <<"9A83E3704807298016968DB506F9FAD0F027DE37546EB838B3AE1064C3A0AD62">>},
 {<<"lz4">>, <<"E3EB9E2B5C1E4DAB39DB8FE0421E6FA10F9BF5843F20DAB43518F8AB8E812517">>},
 {<<"metrics">>, <<"69B09ADDDC4F74A40716AE54D140F93BEB0FB8978D8636EADED0C31B6F099F16">>},
 {<<"mimerl">>, <<"A1E15A50D1887217DE95F0B9B0793E32853F7C258A5CD227650889B38839FE9D">>},
 {<<"parse_trans">>, <<"4C25347DE3B7C35732D32E69AB43D1CEEE0BEAE3F3B3ADE1B59CBD3DD224D9CA">>},
 {<<"quickrand">>, <<"B8ACBF89A224BC217C3070CA8BEBC6EB236DBE7F9767993B274084EA044D35F0">>},
 {<<"re2">>, <<"3AA83A5C50F88CF1578642020E1E63918053911882045E4981E489E3DD74B7E8">>},
 {<<"semver">>, <<"ADF1CB935EEB2472B4B7BB8116C678C1077AE4CD5BDFE90010B765AECCE5753B">>},
 {<<"snappyer">>, <<"F55BD9ED147E7163CB3ACD1E431A7FF2C9E31CEACBB8308786094FB64551C284">>},
 {<<"ssl_verify_fun">>, <<"13104D7897E38ED7F044C4DE953A6C28597D1C952075EB2E328BC6D6F2BFC496">>},
 {<<"unicode_util_compat">>, <<"1D1848C40487CDB0B30E8ED975E34E025860C02E419CB615D255849F3427439D">>},
 {<<"uuid">>, <<"CE1C1ED1D786BA98F93204BE66F93A797504993954141122FCC5FE59B5331367">>}]}
].
